
Microsoft Visual Studio Solution File, Format Version 12.00
# Visual Studio Version 17
VisualStudioVersion = 17.7.33808.371
MinimumVisualStudioVersion = 10.0.40219.1
Project("{9A19103F-16F7-4668-BE54-9A1E7A4F7556}") = "SimtekWebApi", "SimtekWebApi\SimtekWebApi.csproj", "{BCA7A492-26F8-4F5B-A2AF-0C461D8E64E7}"
EndProject
Project("{9A19103F-16F7-4668-BE54-9A1E7A4F7556}") = "SimtekDomain", "SimtekDomain\SimtekDomain.csproj", "{8019F1F5-5254-4A6D-9580-151C9EEDBBE4}"
EndProject
Project("{9A19103F-16F7-4668-BE54-9A1E7A4F7556}") = "SimtekData", "SimtekData\SimtekData.csproj", "{D1FD1367-1EC8-4E90-9C1A-9DD3505EBF98}"
EndProject
Project("{9A19103F-16F7-4668-BE54-9A1E7A4F7556}") = "SimtekApplication", "SimtekApplication\SimtekApplication.csproj", "{9CCD3685-0D80-45C2-81EE-402B2599E240}"
EndProject
Project("{2150E333-8FDC-42A3-9474-1A3956D46DE8}") = "WebApplication", "WebApplication", "{8A02290B-BF89-4910-AF8B-24563CAE2086}"
EndProject
Project("{2150E333-8FDC-42A3-9474-1A3956D46DE8}") = "MauiApp", "MauiApp", "{F9691D50-92F3-4F31-9581-E810AD53D8EB}"
EndProject
Project("{9A19103F-16F7-4668-BE54-9A1E7A4F7556}") = "SimtekMaui", "SimtekMaui\SimtekMaui.csproj", "{92516B8D-6537-4A3A-9195-C9BECB20ED69}"
EndProject
Project("{9A19103F-16F7-4668-BE54-9A1E7A4F7556}") = "SimtekMaui.Data", "SimtekMaui.Data\SimtekMaui.Data.csproj", "{D3206C50-D70C-4715-BDC4-7C9BE9C955E9}"
EndProject
Project("{9A19103F-16F7-4668-BE54-9A1E7A4F7556}") = "SimtekMaui.Application", "SimtekMaui.Application\SimtekMaui.Application.csproj", "{78292C10-60CE-4895-972B-CF11E6FAFB0A}"
EndProject
Global
	GlobalSection(SolutionConfigurationPlatforms) = preSolution
		Debug|Any CPU = Debug|Any CPU
		Release|Any CPU = Release|Any CPU
	EndGlobalSection
	GlobalSection(ProjectConfigurationPlatforms) = postSolution
		{BCA7A492-26F8-4F5B-A2AF-0C461D8E64E7}.Debug|Any CPU.ActiveCfg = Debug|Any CPU
		{BCA7A492-26F8-4F5B-A2AF-0C461D8E64E7}.Debug|Any CPU.Build.0 = Debug|Any CPU
		{BCA7A492-26F8-4F5B-A2AF-0C461D8E64E7}.Release|Any CPU.ActiveCfg = Release|Any CPU
		{BCA7A492-26F8-4F5B-A2AF-0C461D8E64E7}.Release|Any CPU.Build.0 = Release|Any CPU
		{8019F1F5-5254-4A6D-9580-151C9EEDBBE4}.Debug|Any CPU.ActiveCfg = Debug|Any CPU
		{8019F1F5-5254-4A6D-9580-151C9EEDBBE4}.Debug|Any CPU.Build.0 = Debug|Any CPU
		{8019F1F5-5254-4A6D-9580-151C9EEDBBE4}.Release|Any CPU.ActiveCfg = Release|Any CPU
		{8019F1F5-5254-4A6D-9580-151C9EEDBBE4}.Release|Any CPU.Build.0 = Release|Any CPU
		{D1FD1367-1EC8-4E90-9C1A-9DD3505EBF98}.Debug|Any CPU.ActiveCfg = Debug|Any CPU
		{D1FD1367-1EC8-4E90-9C1A-9DD3505EBF98}.Debug|Any CPU.Build.0 = Debug|Any CPU
		{D1FD1367-1EC8-4E90-9C1A-9DD3505EBF98}.Release|Any CPU.ActiveCfg = Release|Any CPU
		{D1FD1367-1EC8-4E90-9C1A-9DD3505EBF98}.Release|Any CPU.Build.0 = Release|Any CPU
		{9CCD3685-0D80-45C2-81EE-402B2599E240}.Debug|Any CPU.ActiveCfg = Debug|Any CPU
		{9CCD3685-0D80-45C2-81EE-402B2599E240}.Debug|Any CPU.Build.0 = Debug|Any CPU
		{9CCD3685-0D80-45C2-81EE-402B2599E240}.Release|Any CPU.ActiveCfg = Release|Any CPU
		{9CCD3685-0D80-45C2-81EE-402B2599E240}.Release|Any CPU.Build.0 = Release|Any CPU
		{92516B8D-6537-4A3A-9195-C9BECB20ED69}.Debug|Any CPU.ActiveCfg = Debug|Any CPU
		{92516B8D-6537-4A3A-9195-C9BECB20ED69}.Debug|Any CPU.Build.0 = Debug|Any CPU
		{92516B8D-6537-4A3A-9195-C9BECB20ED69}.Debug|Any CPU.Deploy.0 = Debug|Any CPU
		{92516B8D-6537-4A3A-9195-C9BECB20ED69}.Release|Any CPU.ActiveCfg = Release|Any CPU
		{92516B8D-6537-4A3A-9195-C9BECB20ED69}.Release|Any CPU.Build.0 = Release|Any CPU
		{D3206C50-D70C-4715-BDC4-7C9BE9C955E9}.Debug|Any CPU.ActiveCfg = Debug|Any CPU
		{D3206C50-D70C-4715-BDC4-7C9BE9C955E9}.Debug|Any CPU.Build.0 = Debug|Any CPU
		{D3206C50-D70C-4715-BDC4-7C9BE9C955E9}.Release|Any CPU.ActiveCfg = Release|Any CPU
		{D3206C50-D70C-4715-BDC4-7C9BE9C955E9}.Release|Any CPU.Build.0 = Release|Any CPU
		{78292C10-60CE-4895-972B-CF11E6FAFB0A}.Debug|Any CPU.ActiveCfg = Debug|Any CPU
		{78292C10-60CE-4895-972B-CF11E6FAFB0A}.Debug|Any CPU.Build.0 = Debug|Any CPU
		{78292C10-60CE-4895-972B-CF11E6FAFB0A}.Release|Any CPU.ActiveCfg = Release|Any CPU
		{78292C10-60CE-4895-972B-CF11E6FAFB0A}.Release|Any CPU.Build.0 = Release|Any CPU
	EndGlobalSection
	GlobalSection(SolutionProperties) = preSolution
		HideSolutionNode = FALSE
	EndGlobalSection
	GlobalSection(NestedProjects) = preSolution
		{BCA7A492-26F8-4F5B-A2AF-0C461D8E64E7} = {8A02290B-BF89-4910-AF8B-24563CAE2086}
		{8019F1F5-5254-4A6D-9580-151C9EEDBBE4} = {8A02290B-BF89-4910-AF8B-24563CAE2086}
		{D1FD1367-1EC8-4E90-9C1A-9DD3505EBF98} = {8A02290B-BF89-4910-AF8B-24563CAE2086}
		{9CCD3685-0D80-45C2-81EE-402B2599E240} = {8A02290B-BF89-4910-AF8B-24563CAE2086}
		{92516B8D-6537-4A3A-9195-C9BECB20ED69} = {F9691D50-92F3-4F31-9581-E810AD53D8EB}
		{D3206C50-D70C-4715-BDC4-7C9BE9C955E9} = {F9691D50-92F3-4F31-9581-E810AD53D8EB}
		{78292C10-60CE-4895-972B-CF11E6FAFB0A} = {F9691D50-92F3-4F31-9581-E810AD53D8EB}
	EndGlobalSection
EndGlobal
