
Microsoft Visual Studio Solution File, Format Version 12.00
Project("{FAE04EC0-301F-11D3-BF4B-00C04F79EFBC}") = "Simtek.Blazor", "Simtek.Blazor\Simtek.Blazor.csproj", "{F0DCB6BC-6CDE-4493-8B48-A87D151A23A5}"
EndProject
Project("{FAE04EC0-301F-11D3-BF4B-00C04F79EFBC}") = "Simtek.Domain", "Simtek.Domain\Simtek.Domain.csproj", "{D1FB7880-8C08-4C2B-A550-B40F9D04BA66}"
EndProject
Project("{FAE04EC0-301F-11D3-BF4B-00C04F79EFBC}") = "Simtek.Data", "Simtek.Data\Simtek.Data.csproj", "{988F5B4D-7B55-4176-BAEF-DCD134F64795}"
EndProject
Project("{FAE04EC0-301F-11D3-BF4B-00C04F79EFBC}") = "Simtek.Application", "Simtek.Application\Simtek.Application.csproj", "{C250D388-D403-490D-B1B0-E87ADDF44519}"
EndProject
Global
	GlobalSection(SolutionConfigurationPlatforms) = preSolution
		Debug|Any CPU = Debug|Any CPU
		Release|Any CPU = Release|Any CPU
	EndGlobalSection
	GlobalSection(ProjectConfigurationPlatforms) = postSolution
		{F0DCB6BC-6CDE-4493-8B48-A87D151A23A5}.Debug|Any CPU.ActiveCfg = Debug|Any CPU
		{F0DCB6BC-6CDE-4493-8B48-A87D151A23A5}.Debug|Any CPU.Build.0 = Debug|Any CPU
		{F0DCB6BC-6CDE-4493-8B48-A87D151A23A5}.Release|Any CPU.ActiveCfg = Release|Any CPU
		{F0DCB6BC-6CDE-4493-8B48-A87D151A23A5}.Release|Any CPU.Build.0 = Release|Any CPU
		{D1FB7880-8C08-4C2B-A550-B40F9D04BA66}.Debug|Any CPU.ActiveCfg = Debug|Any CPU
		{D1FB7880-8C08-4C2B-A550-B40F9D04BA66}.Debug|Any CPU.Build.0 = Debug|Any CPU
		{D1FB7880-8C08-4C2B-A550-B40F9D04BA66}.Release|Any CPU.ActiveCfg = Release|Any CPU
		{D1FB7880-8C08-4C2B-A550-B40F9D04BA66}.Release|Any CPU.Build.0 = Release|Any CPU
		{988F5B4D-7B55-4176-BAEF-DCD134F64795}.Debug|Any CPU.ActiveCfg = Debug|Any CPU
		{988F5B4D-7B55-4176-BAEF-DCD134F64795}.Debug|Any CPU.Build.0 = Debug|Any CPU
		{988F5B4D-7B55-4176-BAEF-DCD134F64795}.Release|Any CPU.ActiveCfg = Release|Any CPU
		{988F5B4D-7B55-4176-BAEF-DCD134F64795}.Release|Any CPU.Build.0 = Release|Any CPU
		{C250D388-D403-490D-B1B0-E87ADDF44519}.Debug|Any CPU.ActiveCfg = Debug|Any CPU
		{C250D388-D403-490D-B1B0-E87ADDF44519}.Debug|Any CPU.Build.0 = Debug|Any CPU
		{C250D388-D403-490D-B1B0-E87ADDF44519}.Release|Any CPU.ActiveCfg = Release|Any CPU
		{C250D388-D403-490D-B1B0-E87ADDF44519}.Release|Any CPU.Build.0 = Release|Any CPU
	EndGlobalSection
EndGlobal
